
Microsoft Visual Studio Solution File, Format Version 12.00
# Visual Studio Version 16
VisualStudioVersion = 16.0.30104.148
MinimumVisualStudioVersion = 10.0.40219.1
Project("{FAE04EC0-301F-11D3-BF4B-00C04F79EFBC}") = "ASP.NET React App", "ASP.NET React App\ASP.NET React App.csproj", "{8307BEF6-3C71-4C27-A48D-23E387CE7972}"
EndProject
Global
	GlobalSection(SolutionConfigurationPlatforms) = preSolution
		Debug|Any CPU = Debug|Any CPU
		Release|Any CPU = Release|Any CPU
	EndGlobalSection
	GlobalSection(ProjectConfigurationPlatforms) = postSolution
		{8307BEF6-3C71-4C27-A48D-23E387CE7972}.Debug|Any CPU.ActiveCfg = Debug|Any CPU
		{8307BEF6-3C71-4C27-A48D-23E387CE7972}.Debug|Any CPU.Build.0 = Debug|Any CPU
		{8307BEF6-3C71-4C27-A48D-23E387CE7972}.Release|Any CPU.ActiveCfg = Release|Any CPU
		{8307BEF6-3C71-4C27-A48D-23E387CE7972}.Release|Any CPU.Build.0 = Release|Any CPU
	EndGlobalSection
	GlobalSection(SolutionProperties) = preSolution
		HideSolutionNode = FALSE
	EndGlobalSection
	GlobalSection(ExtensibilityGlobals) = postSolution
		SolutionGuid = {D56158BB-933B-449C-9F5B-2E34D895593B}
	EndGlobalSection
EndGlobal
